
Microsoft Visual Studio Solution File, Format Version 12.00
# Visual Studio 15
VisualStudioVersion = 15.0.28307.271
MinimumVisualStudioVersion = 10.0.40219.1
Project("{9A19103F-16F7-4668-BE54-9A1E7A4F7556}") = "ApplicationCore", "ApplicationCore\ApplicationCore.csproj", "{784D76E7-A9B9-457F-BE94-56AAB3975BE0}"
EndProject
Project("{9A19103F-16F7-4668-BE54-9A1E7A4F7556}") = "Infrastructure", "Infrastructure\Infrastructure.csproj", "{AE60CBC0-B6C3-4073-B744-0B1037849ACE}"
EndProject
Project("{FAE04EC0-301F-11D3-BF4B-00C04F79EFBC}") = "Web", "Web\Web.csproj", "{131D146E-78F3-45C3-ADBE-3444992CAD34}"
EndProject
Global
	GlobalSection(SolutionConfigurationPlatforms) = preSolution
		Debug|Any CPU = Debug|Any CPU
		Release|Any CPU = Release|Any CPU
	EndGlobalSection
	GlobalSection(ProjectConfigurationPlatforms) = postSolution
		{784D76E7-A9B9-457F-BE94-56AAB3975BE0}.Debug|Any CPU.ActiveCfg = Debug|Any CPU
		{784D76E7-A9B9-457F-BE94-56AAB3975BE0}.Debug|Any CPU.Build.0 = Debug|Any CPU
		{784D76E7-A9B9-457F-BE94-56AAB3975BE0}.Release|Any CPU.ActiveCfg = Release|Any CPU
		{784D76E7-A9B9-457F-BE94-56AAB3975BE0}.Release|Any CPU.Build.0 = Release|Any CPU
		{AE60CBC0-B6C3-4073-B744-0B1037849ACE}.Debug|Any CPU.ActiveCfg = Debug|Any CPU
		{AE60CBC0-B6C3-4073-B744-0B1037849ACE}.Debug|Any CPU.Build.0 = Debug|Any CPU
		{AE60CBC0-B6C3-4073-B744-0B1037849ACE}.Release|Any CPU.ActiveCfg = Release|Any CPU
		{AE60CBC0-B6C3-4073-B744-0B1037849ACE}.Release|Any CPU.Build.0 = Release|Any CPU
		{131D146E-78F3-45C3-ADBE-3444992CAD34}.Debug|Any CPU.ActiveCfg = Debug|Any CPU
		{131D146E-78F3-45C3-ADBE-3444992CAD34}.Debug|Any CPU.Build.0 = Debug|Any CPU
		{131D146E-78F3-45C3-ADBE-3444992CAD34}.Release|Any CPU.ActiveCfg = Release|Any CPU
		{131D146E-78F3-45C3-ADBE-3444992CAD34}.Release|Any CPU.Build.0 = Release|Any CPU
	EndGlobalSection
	GlobalSection(SolutionProperties) = preSolution
		HideSolutionNode = FALSE
	EndGlobalSection
	GlobalSection(ExtensibilityGlobals) = postSolution
		SolutionGuid = {BB2D8DC8-7EBB-49F1-AB03-05CD305221E9}
	EndGlobalSection
EndGlobal
